
Microsoft Visual Studio Solution File, Format Version 12.00
Project("{FAE04EC0-301F-11D3-BF4B-00C04F79EFBC}") = "ReservationSystem-Server", "ReservationSystem-Server\ReservationSystem-Server.csproj", "{100BCD86-F930-4880-AEC9-B12FDC2AB6F6}"
EndProject
Project("{FAE04EC0-301F-11D3-BF4B-00C04F79EFBC}") = "ReservationSystem-Server.UiTests", "ReservationSystem-Server.UiTests\ReservationSystem-Server.UiTests.csproj", "{145B1021-C9F1-4094-9332-42572F45A511}"
EndProject
Global
	GlobalSection(SolutionConfigurationPlatforms) = preSolution
		Debug|Any CPU = Debug|Any CPU
		Release|Any CPU = Release|Any CPU
	EndGlobalSection
	GlobalSection(ProjectConfigurationPlatforms) = postSolution
		{100BCD86-F930-4880-AEC9-B12FDC2AB6F6}.Debug|Any CPU.ActiveCfg = Debug|Any CPU
		{100BCD86-F930-4880-AEC9-B12FDC2AB6F6}.Debug|Any CPU.Build.0 = Debug|Any CPU
		{100BCD86-F930-4880-AEC9-B12FDC2AB6F6}.Release|Any CPU.ActiveCfg = Release|Any CPU
		{100BCD86-F930-4880-AEC9-B12FDC2AB6F6}.Release|Any CPU.Build.0 = Release|Any CPU
		{145B1021-C9F1-4094-9332-42572F45A511}.Debug|Any CPU.ActiveCfg = Debug|Any CPU
		{145B1021-C9F1-4094-9332-42572F45A511}.Debug|Any CPU.Build.0 = Debug|Any CPU
		{145B1021-C9F1-4094-9332-42572F45A511}.Release|Any CPU.ActiveCfg = Release|Any CPU
		{145B1021-C9F1-4094-9332-42572F45A511}.Release|Any CPU.Build.0 = Release|Any CPU
	EndGlobalSection
EndGlobal
